
Microsoft Visual Studio Solution File, Format Version 12.00
# Visual Studio 15
VisualStudioVersion = 15.0.27130.2010
MinimumVisualStudioVersion = 10.0.40219.1
Project("{2150E333-8FDC-42A3-9474-1A3956D46DE8}") = "Common", "Common", "{A4998BA3-CF36-4281-BA03-46FA2EFADD8B}"
EndProject
Project("{2150E333-8FDC-42A3-9474-1A3956D46DE8}") = "Modules", "Modules", "{4BB378AA-AE89-4EBB-BA84-BBCB0AB06480}"
	ProjectSection(SolutionItems) = preProject
		说明.txt = 说明.txt
	EndProjectSection
EndProject
Project("{2150E333-8FDC-42A3-9474-1A3956D46DE8}") = "WebAPI", "WebAPI", "{3A8D6967-EFAF-4B2D-85DD-B17A0E0F5E90}"
EndProject
Project("{2150E333-8FDC-42A3-9474-1A3956D46DE8}") = "UM", "UM", "{27463F3C-A4B2-48A8-A6D2-7E3E959A3264}"
EndProject
Project("{2150E333-8FDC-42A3-9474-1A3956D46DE8}") = "AM", "AM", "{DA91980C-E5BE-42B9-954B-7D091A43E544}"
EndProject
Project("{9A19103F-16F7-4668-BE54-9A1E7A4F7556}") = "CM.UAM.WebAPI", "WebAPI\CM.UAM.WebAPI\CM.UAM.WebAPI.csproj", "{62238790-CA96-4BE5-AE64-0AB23AB6115E}"
EndProject
Project("{9A19103F-16F7-4668-BE54-9A1E7A4F7556}") = "CM.AM.Model", "Modules\AM\CM.AM.Model\CM.AM.Model.csproj", "{CA6C7A95-1144-44BF-8CF8-3C9D2C3677B7}"
EndProject
Project("{9A19103F-16F7-4668-BE54-9A1E7A4F7556}") = "CM.AM.Service", "Modules\AM\CM.AM.Service\CM.AM.Service.csproj", "{21F12240-E0CF-4C08-A778-13CE4BE17C1B}"
EndProject
Project("{9A19103F-16F7-4668-BE54-9A1E7A4F7556}") = "CM.UM.Model", "Modules\UM\CM.UM.Model\CM.UM.Model.csproj", "{7C3DC0A7-BC61-4647-9365-770E4C7AA6D9}"
EndProject
Project("{9A19103F-16F7-4668-BE54-9A1E7A4F7556}") = "CM.UM.Service", "Modules\UM\CM.UM.Service\CM.UM.Service.csproj", "{C9BC2F2F-8CA0-4699-A1F9-32283036AE53}"
EndProject
Project("{9A19103F-16F7-4668-BE54-9A1E7A4F7556}") = "CM.Common", "Common\CM.Common\CM.Common.csproj", "{92941031-8F21-47CF-8014-AFB666EC9183}"
EndProject
Project("{9A19103F-16F7-4668-BE54-9A1E7A4F7556}") = "CM.UM.IService", "Modules\UM\CM.UM.IService\CM.UM.IService.csproj", "{72917C82-88B0-4D53-BD52-61664B60B2C6}"
EndProject
Project("{9A19103F-16F7-4668-BE54-9A1E7A4F7556}") = "UnitTestProject", "Modules\UnitTestProject\UnitTestProject.csproj", "{975EBCF6-9A21-431E-A28E-1F186D8BB49E}"
EndProject
Project("{9A19103F-16F7-4668-BE54-9A1E7A4F7556}") = "CM.AM.IService", "Modules\AM\CM.AM.IService\CM.AM.IService.csproj", "{6295904D-EF78-4B1A-A8FE-4E4B6C613E32}"
EndProject
Project("{2150E333-8FDC-42A3-9474-1A3956D46DE8}") = "TM", "TM", "{BB817B9A-0E86-421D-89D3-52D96CC8C30F}"
EndProject
Project("{9A19103F-16F7-4668-BE54-9A1E7A4F7556}") = "CM.TM.Service", "Modules\TM\CM.TM.Service\CM.TM.Service.csproj", "{EC823B45-A4DB-4A1C-A41F-3FE8B97BE9A7}"
EndProject
Project("{9A19103F-16F7-4668-BE54-9A1E7A4F7556}") = "CM.TM.Model", "Modules\TM\CM.TM.Model\CM.TM.Model.csproj", "{51013C62-FD70-4A41-AB90-3EB9F4703F1A}"
EndProject
Project("{9A19103F-16F7-4668-BE54-9A1E7A4F7556}") = "CM.TM.IService", "Modules\TM\CM.TM.IService\CM.TM.IService.csproj", "{4F6BC8CC-E883-4861-ACA3-D239576CC2BB}"
EndProject
Project("{2150E333-8FDC-42A3-9474-1A3956D46DE8}") = "Socket", "Socket", "{EDA08F7D-EFB9-42F7-BEEC-BE3100EA24BE}"
EndProject
Project("{9A19103F-16F7-4668-BE54-9A1E7A4F7556}") = "CM.UAM.Service", "CM.UAM.Service\CM.UAM.Service.csproj", "{C8570B04-2C73-4AB2-AA7B-546792853237}"
EndProject
Global
	GlobalSection(SolutionConfigurationPlatforms) = preSolution
		Debug|Any CPU = Debug|Any CPU
		Release|Any CPU = Release|Any CPU
	EndGlobalSection
	GlobalSection(ProjectConfigurationPlatforms) = postSolution
		{62238790-CA96-4BE5-AE64-0AB23AB6115E}.Debug|Any CPU.ActiveCfg = Debug|Any CPU
		{62238790-CA96-4BE5-AE64-0AB23AB6115E}.Debug|Any CPU.Build.0 = Debug|Any CPU
		{62238790-CA96-4BE5-AE64-0AB23AB6115E}.Release|Any CPU.ActiveCfg = Release|Any CPU
		{62238790-CA96-4BE5-AE64-0AB23AB6115E}.Release|Any CPU.Build.0 = Release|Any CPU
		{CA6C7A95-1144-44BF-8CF8-3C9D2C3677B7}.Debug|Any CPU.ActiveCfg = Debug|Any CPU
		{CA6C7A95-1144-44BF-8CF8-3C9D2C3677B7}.Debug|Any CPU.Build.0 = Debug|Any CPU
		{CA6C7A95-1144-44BF-8CF8-3C9D2C3677B7}.Release|Any CPU.ActiveCfg = Release|Any CPU
		{CA6C7A95-1144-44BF-8CF8-3C9D2C3677B7}.Release|Any CPU.Build.0 = Release|Any CPU
		{21F12240-E0CF-4C08-A778-13CE4BE17C1B}.Debug|Any CPU.ActiveCfg = Debug|Any CPU
		{21F12240-E0CF-4C08-A778-13CE4BE17C1B}.Debug|Any CPU.Build.0 = Debug|Any CPU
		{21F12240-E0CF-4C08-A778-13CE4BE17C1B}.Release|Any CPU.ActiveCfg = Release|Any CPU
		{21F12240-E0CF-4C08-A778-13CE4BE17C1B}.Release|Any CPU.Build.0 = Release|Any CPU
		{7C3DC0A7-BC61-4647-9365-770E4C7AA6D9}.Debug|Any CPU.ActiveCfg = Debug|Any CPU
		{7C3DC0A7-BC61-4647-9365-770E4C7AA6D9}.Debug|Any CPU.Build.0 = Debug|Any CPU
		{7C3DC0A7-BC61-4647-9365-770E4C7AA6D9}.Release|Any CPU.ActiveCfg = Release|Any CPU
		{7C3DC0A7-BC61-4647-9365-770E4C7AA6D9}.Release|Any CPU.Build.0 = Release|Any CPU
		{C9BC2F2F-8CA0-4699-A1F9-32283036AE53}.Debug|Any CPU.ActiveCfg = Debug|Any CPU
		{C9BC2F2F-8CA0-4699-A1F9-32283036AE53}.Debug|Any CPU.Build.0 = Debug|Any CPU
		{C9BC2F2F-8CA0-4699-A1F9-32283036AE53}.Release|Any CPU.ActiveCfg = Release|Any CPU
		{C9BC2F2F-8CA0-4699-A1F9-32283036AE53}.Release|Any CPU.Build.0 = Release|Any CPU
		{92941031-8F21-47CF-8014-AFB666EC9183}.Debug|Any CPU.ActiveCfg = Debug|Any CPU
		{92941031-8F21-47CF-8014-AFB666EC9183}.Debug|Any CPU.Build.0 = Debug|Any CPU
		{92941031-8F21-47CF-8014-AFB666EC9183}.Release|Any CPU.ActiveCfg = Release|Any CPU
		{92941031-8F21-47CF-8014-AFB666EC9183}.Release|Any CPU.Build.0 = Release|Any CPU
		{72917C82-88B0-4D53-BD52-61664B60B2C6}.Debug|Any CPU.ActiveCfg = Debug|Any CPU
		{72917C82-88B0-4D53-BD52-61664B60B2C6}.Debug|Any CPU.Build.0 = Debug|Any CPU
		{72917C82-88B0-4D53-BD52-61664B60B2C6}.Release|Any CPU.ActiveCfg = Release|Any CPU
		{72917C82-88B0-4D53-BD52-61664B60B2C6}.Release|Any CPU.Build.0 = Release|Any CPU
		{975EBCF6-9A21-431E-A28E-1F186D8BB49E}.Debug|Any CPU.ActiveCfg = Debug|Any CPU
		{975EBCF6-9A21-431E-A28E-1F186D8BB49E}.Debug|Any CPU.Build.0 = Debug|Any CPU
		{975EBCF6-9A21-431E-A28E-1F186D8BB49E}.Release|Any CPU.ActiveCfg = Release|Any CPU
		{975EBCF6-9A21-431E-A28E-1F186D8BB49E}.Release|Any CPU.Build.0 = Release|Any CPU
		{6295904D-EF78-4B1A-A8FE-4E4B6C613E32}.Debug|Any CPU.ActiveCfg = Debug|Any CPU
		{6295904D-EF78-4B1A-A8FE-4E4B6C613E32}.Debug|Any CPU.Build.0 = Debug|Any CPU
		{6295904D-EF78-4B1A-A8FE-4E4B6C613E32}.Release|Any CPU.ActiveCfg = Release|Any CPU
		{6295904D-EF78-4B1A-A8FE-4E4B6C613E32}.Release|Any CPU.Build.0 = Release|Any CPU
		{EC823B45-A4DB-4A1C-A41F-3FE8B97BE9A7}.Debug|Any CPU.ActiveCfg = Debug|Any CPU
		{EC823B45-A4DB-4A1C-A41F-3FE8B97BE9A7}.Debug|Any CPU.Build.0 = Debug|Any CPU
		{EC823B45-A4DB-4A1C-A41F-3FE8B97BE9A7}.Release|Any CPU.ActiveCfg = Release|Any CPU
		{EC823B45-A4DB-4A1C-A41F-3FE8B97BE9A7}.Release|Any CPU.Build.0 = Release|Any CPU
		{51013C62-FD70-4A41-AB90-3EB9F4703F1A}.Debug|Any CPU.ActiveCfg = Debug|Any CPU
		{51013C62-FD70-4A41-AB90-3EB9F4703F1A}.Debug|Any CPU.Build.0 = Debug|Any CPU
		{51013C62-FD70-4A41-AB90-3EB9F4703F1A}.Release|Any CPU.ActiveCfg = Release|Any CPU
		{51013C62-FD70-4A41-AB90-3EB9F4703F1A}.Release|Any CPU.Build.0 = Release|Any CPU
		{4F6BC8CC-E883-4861-ACA3-D239576CC2BB}.Debug|Any CPU.ActiveCfg = Debug|Any CPU
		{4F6BC8CC-E883-4861-ACA3-D239576CC2BB}.Debug|Any CPU.Build.0 = Debug|Any CPU
		{4F6BC8CC-E883-4861-ACA3-D239576CC2BB}.Release|Any CPU.ActiveCfg = Release|Any CPU
		{4F6BC8CC-E883-4861-ACA3-D239576CC2BB}.Release|Any CPU.Build.0 = Release|Any CPU
		{C8570B04-2C73-4AB2-AA7B-546792853237}.Debug|Any CPU.ActiveCfg = Debug|Any CPU
		{C8570B04-2C73-4AB2-AA7B-546792853237}.Debug|Any CPU.Build.0 = Debug|Any CPU
		{C8570B04-2C73-4AB2-AA7B-546792853237}.Release|Any CPU.ActiveCfg = Release|Any CPU
		{C8570B04-2C73-4AB2-AA7B-546792853237}.Release|Any CPU.Build.0 = Release|Any CPU
	EndGlobalSection
	GlobalSection(SolutionProperties) = preSolution
		HideSolutionNode = FALSE
	EndGlobalSection
	GlobalSection(NestedProjects) = preSolution
		{27463F3C-A4B2-48A8-A6D2-7E3E959A3264} = {4BB378AA-AE89-4EBB-BA84-BBCB0AB06480}
		{DA91980C-E5BE-42B9-954B-7D091A43E544} = {4BB378AA-AE89-4EBB-BA84-BBCB0AB06480}
		{62238790-CA96-4BE5-AE64-0AB23AB6115E} = {3A8D6967-EFAF-4B2D-85DD-B17A0E0F5E90}
		{CA6C7A95-1144-44BF-8CF8-3C9D2C3677B7} = {DA91980C-E5BE-42B9-954B-7D091A43E544}
		{21F12240-E0CF-4C08-A778-13CE4BE17C1B} = {DA91980C-E5BE-42B9-954B-7D091A43E544}
		{7C3DC0A7-BC61-4647-9365-770E4C7AA6D9} = {27463F3C-A4B2-48A8-A6D2-7E3E959A3264}
		{C9BC2F2F-8CA0-4699-A1F9-32283036AE53} = {27463F3C-A4B2-48A8-A6D2-7E3E959A3264}
		{92941031-8F21-47CF-8014-AFB666EC9183} = {A4998BA3-CF36-4281-BA03-46FA2EFADD8B}
		{72917C82-88B0-4D53-BD52-61664B60B2C6} = {27463F3C-A4B2-48A8-A6D2-7E3E959A3264}
		{975EBCF6-9A21-431E-A28E-1F186D8BB49E} = {4BB378AA-AE89-4EBB-BA84-BBCB0AB06480}
		{6295904D-EF78-4B1A-A8FE-4E4B6C613E32} = {DA91980C-E5BE-42B9-954B-7D091A43E544}
		{BB817B9A-0E86-421D-89D3-52D96CC8C30F} = {4BB378AA-AE89-4EBB-BA84-BBCB0AB06480}
		{EC823B45-A4DB-4A1C-A41F-3FE8B97BE9A7} = {BB817B9A-0E86-421D-89D3-52D96CC8C30F}
		{51013C62-FD70-4A41-AB90-3EB9F4703F1A} = {BB817B9A-0E86-421D-89D3-52D96CC8C30F}
		{4F6BC8CC-E883-4861-ACA3-D239576CC2BB} = {BB817B9A-0E86-421D-89D3-52D96CC8C30F}
		{C8570B04-2C73-4AB2-AA7B-546792853237} = {EDA08F7D-EFB9-42F7-BEEC-BE3100EA24BE}
	EndGlobalSection
	GlobalSection(ExtensibilityGlobals) = postSolution
		SolutionGuid = {B867762F-F9B5-4F55-8BAF-AF3011204702}
	EndGlobalSection
EndGlobal
